
Microsoft Visual Studio Solution File, Format Version 12.00
# Visual Studio 15
Project("{FAE04EC0-301F-11D3-BF4B-00C04F79EFBC}") = "Obi", "Obi.csproj", "{D7236A80-9206-054E-20F1-741A7AB69A87}"
EndProject
Project("{FAE04EC0-301F-11D3-BF4B-00C04F79EFBC}") = "Assembly-CSharp", "Assembly-CSharp.csproj", "{97C02045-7E8D-9367-EC15-488B3220CB74}"
EndProject
Project("{FAE04EC0-301F-11D3-BF4B-00C04F79EFBC}") = "Obi.Editor", "Obi.Editor.csproj", "{347834EC-8D77-58B2-8C5A-ADD016C63867}"
EndProject
Project("{FAE04EC0-301F-11D3-BF4B-00C04F79EFBC}") = "Assembly-CSharp-Editor", "Assembly-CSharp-Editor.csproj", "{AA159993-633C-36C6-E2AF-9898353F3B78}"
EndProject
Global
	GlobalSection(SolutionConfigurationPlatforms) = preSolution
		Debug|Any CPU = Debug|Any CPU
		Release|Any CPU = Release|Any CPU
	EndGlobalSection
	GlobalSection(ProjectConfigurationPlatforms) = postSolution
		{D7236A80-9206-054E-20F1-741A7AB69A87}.Debug|Any CPU.ActiveCfg = Debug|Any CPU
		{D7236A80-9206-054E-20F1-741A7AB69A87}.Debug|Any CPU.Build.0 = Debug|Any CPU
		{D7236A80-9206-054E-20F1-741A7AB69A87}.Release|Any CPU.ActiveCfg = Release|Any CPU
		{D7236A80-9206-054E-20F1-741A7AB69A87}.Release|Any CPU.Build.0 = Release|Any CPU
		{97C02045-7E8D-9367-EC15-488B3220CB74}.Debug|Any CPU.ActiveCfg = Debug|Any CPU
		{97C02045-7E8D-9367-EC15-488B3220CB74}.Debug|Any CPU.Build.0 = Debug|Any CPU
		{97C02045-7E8D-9367-EC15-488B3220CB74}.Release|Any CPU.ActiveCfg = Release|Any CPU
		{97C02045-7E8D-9367-EC15-488B3220CB74}.Release|Any CPU.Build.0 = Release|Any CPU
		{347834EC-8D77-58B2-8C5A-ADD016C63867}.Debug|Any CPU.ActiveCfg = Debug|Any CPU
		{347834EC-8D77-58B2-8C5A-ADD016C63867}.Debug|Any CPU.Build.0 = Debug|Any CPU
		{347834EC-8D77-58B2-8C5A-ADD016C63867}.Release|Any CPU.ActiveCfg = Release|Any CPU
		{347834EC-8D77-58B2-8C5A-ADD016C63867}.Release|Any CPU.Build.0 = Release|Any CPU
		{AA159993-633C-36C6-E2AF-9898353F3B78}.Debug|Any CPU.ActiveCfg = Debug|Any CPU
		{AA159993-633C-36C6-E2AF-9898353F3B78}.Debug|Any CPU.Build.0 = Debug|Any CPU
		{AA159993-633C-36C6-E2AF-9898353F3B78}.Release|Any CPU.ActiveCfg = Release|Any CPU
		{AA159993-633C-36C6-E2AF-9898353F3B78}.Release|Any CPU.Build.0 = Release|Any CPU
	EndGlobalSection
	GlobalSection(SolutionProperties) = preSolution
		HideSolutionNode = FALSE
	EndGlobalSection
EndGlobal
